version = 1
revision = 3
requires-python = ">=3.13"

[[package]]
name = "simplequizz"
version = "0.1.0"
source = { virtual = "." }
dependencies = [
    { name = "uuid" },
    { name = "uuid6" },
]

[package.metadata]
requires-dist = [
    { name = "uuid", specifier = ">=1.30" },
    { name = "uuid6", specifier = ">=2025.0.1" },
]

[[package]]
name = "uuid"
version = "1.30"
source = { registry = "https://pypi.org/simple" }
sdist = { url = "https://files.pythonhosted.org/packages/ce/63/f42f5aa951ebf2c8dac81f77a8edcc1c218640a2a35a03b9ff2d4aa64c3d/uuid-1.30.tar.gz", hash = "sha256:1f87cc004ac5120466f36c5beae48b4c48cc411968eed0eaecd3da82aa96193f", size = 5811, upload-time = "2007-05-26T11:13:24Z" }

[[package]]
name = "uuid6"
version = "2025.0.1"
source = { registry = "https://pypi.org/simple" }
sdist = { url = "https://files.pythonhosted.org/packages/ca/b7/4c0f736ca824b3a25b15e8213d1bcfc15f8ac2ae48d1b445b310892dc4da/uuid6-2025.0.1.tar.gz", hash = "sha256:cd0af94fa428675a44e32c5319ec5a3485225ba2179eefcf4c3f205ae30a81bd", size = 13932, upload-time = "2025-07-04T18:30:35.186Z" }
wheels = [
    { url = "https://files.pythonhosted.org/packages/3d/b2/93faaab7962e2aa8d6e174afb6f76be2ca0ce89fde14d3af835acebcaa59/uuid6-2025.0.1-py3-none-any.whl", hash = "sha256:80530ce4d02a93cdf82e7122ca0da3ebbbc269790ec1cb902481fa3e9cc9ff99", size = 6979, upload-time = "2025-07-04T18:30:34.001Z" },
]
